
Microsoft Visual Studio Solution File, Format Version 12.00
# Visual Studio Version 17
VisualStudioVersion = 17.0.31423.177
MinimumVisualStudioVersion = 10.0.40219.1
Project("{9A19103F-16F7-4668-BE54-9A1E7A4F7556}") = "ClientRoutineApp", "ClientRoutineApp\ClientRoutineApp.csproj", "{D85F70F7-299E-483E-AC54-BA8747202B1C}"
EndProject
Project("{9A19103F-16F7-4668-BE54-9A1E7A4F7556}") = "DomainRoutineApp", "DomainRoutineApp\DomainRoutineApp.csproj", "{3877B112-D8CA-4E98-8FA7-426575894F3F}"
EndProject
Project("{9A19103F-16F7-4668-BE54-9A1E7A4F7556}") = "InfrastructureRoutineApp", "Infastructure\InfrastructureRoutineApp.csproj", "{649C37F7-4E26-45B3-9A56-F83C2B2BF1FD}"
EndProject
Project("{9A19103F-16F7-4668-BE54-9A1E7A4F7556}") = "RoutineApiApp", "RoutineApiApp\RoutineApiApp.csproj", "{2B370416-69F9-4496-A7A1-58FA05EBC698}"
EndProject
Project("{9A19103F-16F7-4668-BE54-9A1E7A4F7556}") = "Tests", "Tests\Tests.csproj", "{41FC50FF-9619-432E-BB08-0ED4F949E158}"
EndProject
Project("{9A19103F-16F7-4668-BE54-9A1E7A4F7556}") = "ModifyRoutineMicroservice", "ModifyRoutineMicroservice\ModifyRoutineMicroservice.csproj", "{F322B993-7EBF-4F6C-97CD-2F722BE195B1}"
EndProject
Project("{9A19103F-16F7-4668-BE54-9A1E7A4F7556}") = "DomainRoutineLibrary", "DomainRoutineLibrary\DomainRoutineLibrary.csproj", "{0E6BF31B-BBFE-4781-B3DE-33AC817E7365}"
EndProject
Project("{9A19103F-16F7-4668-BE54-9A1E7A4F7556}") = "MVCRoutineClientApp", "MVCRoutineClientApp\MVCRoutineClientApp.csproj", "{16560F79-0A54-4354-A4EC-011CDA922E04}"
EndProject
Project("{9A19103F-16F7-4668-BE54-9A1E7A4F7556}") = "IdentityServer", "IdentityServer\IdentityServer.csproj", "{B8BBA69F-6B9D-4ED2-9108-252F9A2B2369}"
EndProject
Global
	GlobalSection(SolutionConfigurationPlatforms) = preSolution
		Debug|Any CPU = Debug|Any CPU
		Release|Any CPU = Release|Any CPU
	EndGlobalSection
	GlobalSection(ProjectConfigurationPlatforms) = postSolution
		{D85F70F7-299E-483E-AC54-BA8747202B1C}.Debug|Any CPU.ActiveCfg = Debug|Any CPU
		{D85F70F7-299E-483E-AC54-BA8747202B1C}.Debug|Any CPU.Build.0 = Debug|Any CPU
		{D85F70F7-299E-483E-AC54-BA8747202B1C}.Release|Any CPU.ActiveCfg = Release|Any CPU
		{D85F70F7-299E-483E-AC54-BA8747202B1C}.Release|Any CPU.Build.0 = Release|Any CPU
		{3877B112-D8CA-4E98-8FA7-426575894F3F}.Debug|Any CPU.ActiveCfg = Debug|Any CPU
		{3877B112-D8CA-4E98-8FA7-426575894F3F}.Debug|Any CPU.Build.0 = Debug|Any CPU
		{3877B112-D8CA-4E98-8FA7-426575894F3F}.Release|Any CPU.ActiveCfg = Release|Any CPU
		{3877B112-D8CA-4E98-8FA7-426575894F3F}.Release|Any CPU.Build.0 = Release|Any CPU
		{649C37F7-4E26-45B3-9A56-F83C2B2BF1FD}.Debug|Any CPU.ActiveCfg = Debug|Any CPU
		{649C37F7-4E26-45B3-9A56-F83C2B2BF1FD}.Debug|Any CPU.Build.0 = Debug|Any CPU
		{649C37F7-4E26-45B3-9A56-F83C2B2BF1FD}.Release|Any CPU.ActiveCfg = Release|Any CPU
		{649C37F7-4E26-45B3-9A56-F83C2B2BF1FD}.Release|Any CPU.Build.0 = Release|Any CPU
		{2B370416-69F9-4496-A7A1-58FA05EBC698}.Debug|Any CPU.ActiveCfg = Debug|Any CPU
		{2B370416-69F9-4496-A7A1-58FA05EBC698}.Debug|Any CPU.Build.0 = Debug|Any CPU
		{2B370416-69F9-4496-A7A1-58FA05EBC698}.Release|Any CPU.ActiveCfg = Release|Any CPU
		{2B370416-69F9-4496-A7A1-58FA05EBC698}.Release|Any CPU.Build.0 = Release|Any CPU
		{41FC50FF-9619-432E-BB08-0ED4F949E158}.Debug|Any CPU.ActiveCfg = Debug|Any CPU
		{41FC50FF-9619-432E-BB08-0ED4F949E158}.Debug|Any CPU.Build.0 = Debug|Any CPU
		{41FC50FF-9619-432E-BB08-0ED4F949E158}.Release|Any CPU.ActiveCfg = Release|Any CPU
		{41FC50FF-9619-432E-BB08-0ED4F949E158}.Release|Any CPU.Build.0 = Release|Any CPU
		{F322B993-7EBF-4F6C-97CD-2F722BE195B1}.Debug|Any CPU.ActiveCfg = Debug|Any CPU
		{F322B993-7EBF-4F6C-97CD-2F722BE195B1}.Debug|Any CPU.Build.0 = Debug|Any CPU
		{F322B993-7EBF-4F6C-97CD-2F722BE195B1}.Release|Any CPU.ActiveCfg = Release|Any CPU
		{F322B993-7EBF-4F6C-97CD-2F722BE195B1}.Release|Any CPU.Build.0 = Release|Any CPU
		{0E6BF31B-BBFE-4781-B3DE-33AC817E7365}.Debug|Any CPU.ActiveCfg = Debug|Any CPU
		{0E6BF31B-BBFE-4781-B3DE-33AC817E7365}.Debug|Any CPU.Build.0 = Debug|Any CPU
		{0E6BF31B-BBFE-4781-B3DE-33AC817E7365}.Release|Any CPU.ActiveCfg = Release|Any CPU
		{0E6BF31B-BBFE-4781-B3DE-33AC817E7365}.Release|Any CPU.Build.0 = Release|Any CPU
		{16560F79-0A54-4354-A4EC-011CDA922E04}.Debug|Any CPU.ActiveCfg = Debug|Any CPU
		{16560F79-0A54-4354-A4EC-011CDA922E04}.Debug|Any CPU.Build.0 = Debug|Any CPU
		{16560F79-0A54-4354-A4EC-011CDA922E04}.Release|Any CPU.ActiveCfg = Release|Any CPU
		{16560F79-0A54-4354-A4EC-011CDA922E04}.Release|Any CPU.Build.0 = Release|Any CPU
		{B8BBA69F-6B9D-4ED2-9108-252F9A2B2369}.Debug|Any CPU.ActiveCfg = Debug|Any CPU
		{B8BBA69F-6B9D-4ED2-9108-252F9A2B2369}.Debug|Any CPU.Build.0 = Debug|Any CPU
		{B8BBA69F-6B9D-4ED2-9108-252F9A2B2369}.Release|Any CPU.ActiveCfg = Release|Any CPU
		{B8BBA69F-6B9D-4ED2-9108-252F9A2B2369}.Release|Any CPU.Build.0 = Release|Any CPU
	EndGlobalSection
	GlobalSection(SolutionProperties) = preSolution
		HideSolutionNode = FALSE
	EndGlobalSection
	GlobalSection(ExtensibilityGlobals) = postSolution
		SolutionGuid = {3C1D8B95-7692-4FDA-B0D2-1B2B26E96464}
	EndGlobalSection
EndGlobal
