
Microsoft Visual Studio Solution File, Format Version 12.00
# Visual Studio Version 17
VisualStudioVersion = 17.0.31612.314
MinimumVisualStudioVersion = 10.0.40219.1
Project("{9A19103F-16F7-4668-BE54-9A1E7A4F7556}") = "ApiGateway", "ApiGateway\ApiGateway.csproj", "{29CA809A-034E-4270-A2CB-F69B6A921CD2}"
EndProject
Project("{9A19103F-16F7-4668-BE54-9A1E7A4F7556}") = "MVCRoutineAppClient", "Clients\MVCRoutineAppClient\MVCRoutineAppClient.csproj", "{EA66FEEF-4FBD-4447-84E9-D94CB5E82FCA}"
EndProject
Project("{9A19103F-16F7-4668-BE54-9A1E7A4F7556}") = "ExerciseMS_API", "Microservices\ExerciseMicroservice\ExerciseMS_API\ExerciseMS_API.csproj", "{6FC096F0-D13E-4827-857E-72ECC0776F27}"
EndProject
Project("{9A19103F-16F7-4668-BE54-9A1E7A4F7556}") = "ExerciseMS_Application", "Microservices\ExerciseMicroservice\ExerciseMS_Application\ExerciseMS_Application.csproj", "{B8A39CF7-713B-4A67-A137-1FE00BDFCEB6}"
EndProject
Project("{9A19103F-16F7-4668-BE54-9A1E7A4F7556}") = "ExerciseMS_Infraestructure", "Microservices\ExerciseMicroservice\ExerciseMS_Infraestructure\ExerciseMS_Infraestructure.csproj", "{54CF31CF-3440-43B4-AE52-7EF5CE2FD44B}"
EndProject
Project("{9A19103F-16F7-4668-BE54-9A1E7A4F7556}") = "ExerciseMS_Core", "Microservices\ExerciseMicroservice\ExerciseMS_Core\ExerciseMS_Core.csproj", "{BAEE20D0-5F45-4E63-BD27-0E0D74C18D64}"
EndProject
Project("{9A19103F-16F7-4668-BE54-9A1E7A4F7556}") = "RoutineMS_API", "Microservices\RoutineMicroservice\RoutineMS_API\RoutineMS_API.csproj", "{B2AD08E8-32D5-451F-9975-4DC62175D960}"
EndProject
Project("{9A19103F-16F7-4668-BE54-9A1E7A4F7556}") = "RoutineMS_Application", "Microservices\RoutineMicroservice\RoutineMS_Application\RoutineMS_Application.csproj", "{C9DA39C5-264D-4929-975E-AAA6D896E6FA}"
EndProject
Project("{9A19103F-16F7-4668-BE54-9A1E7A4F7556}") = "RoutineMS_Core", "Microservices\RoutineMicroservice\RoutineMS_Core\RoutineMS_Core.csproj", "{B52D6625-2C6E-4761-A784-DAC3188898B2}"
EndProject
Project("{9A19103F-16F7-4668-BE54-9A1E7A4F7556}") = "RoutineMS_Infraestructure", "Microservices\RoutineMicroservice\RoutineMS_Infraestructure\RoutineMS_Infraestructure.csproj", "{C785EC74-97A4-4022-AC16-204F606E2441}"
EndProject
Project("{9A19103F-16F7-4668-BE54-9A1E7A4F7556}") = "StatisticsMS_API", "Microservices\StatisticsMicroservice\StatisticsMS_API\StatisticsMS_API.csproj", "{E55E2527-7F08-44C8-880E-97685854A6F5}"
EndProject
Project("{9A19103F-16F7-4668-BE54-9A1E7A4F7556}") = "StatisticsMS_Application", "Microservices\StatisticsMicroservice\StatisticsMS_Application\StatisticsMS_Application.csproj", "{41F6AAB1-22C3-484B-903F-E50C6EE9F9AE}"
EndProject
Project("{9A19103F-16F7-4668-BE54-9A1E7A4F7556}") = "StatisticsMS_Core", "Microservices\StatisticsMicroservice\StatisticsMS_Core\StatisticsMS_Core.csproj", "{08DD3E01-95D0-46AB-BA91-A27600F919B9}"
EndProject
Project("{9A19103F-16F7-4668-BE54-9A1E7A4F7556}") = "StatisticsMS_Infraestructure", "Microservices\StatisticsMicroservice\StatisticsMS_Infraestructure\StatisticsMS_Infraestructure.csproj", "{23E386A5-E0D5-4932-ACDD-975EA5CA351F}"
EndProject
Project("{9A19103F-16F7-4668-BE54-9A1E7A4F7556}") = "IdentityMicroservice", "Microservices\IdentityMicroservice\IdentityMicroservice.csproj", "{9130EACB-C228-46A7-B641-38081456D8D4}"
EndProject
Project("{9A19103F-16F7-4668-BE54-9A1E7A4F7556}") = "CategoryMS_API", "Microservices\CategoryMicroservice\CategoryMS_API\CategoryMS_API.csproj", "{B6876C12-ABF0-4CCC-BE8A-02F3F9A5404F}"
EndProject
Project("{9A19103F-16F7-4668-BE54-9A1E7A4F7556}") = "CategoryMS_Application", "Microservices\CategoryMicroservice\CategoryMS_Application\CategoryMS_Application.csproj", "{74302ACB-E100-46C8-A73D-555BF6FA2404}"
EndProject
Project("{9A19103F-16F7-4668-BE54-9A1E7A4F7556}") = "CategoryMS_Core", "Microservices\CategoryMicroservice\CategoryMS_Core\CategoryMS_Core.csproj", "{31CD538E-A43F-4EA4-A6E8-8BBDF8EA1A94}"
EndProject
Project("{9A19103F-16F7-4668-BE54-9A1E7A4F7556}") = "CategoryMS_Infraestructure", "Microservices\CategoryMicroservice\CategoryMS_Infraestructure\CategoryMS_Infraestructure.csproj", "{E6D0FA87-4212-4564-AD03-B8C08B5111D8}"
EndProject
Global
	GlobalSection(SolutionConfigurationPlatforms) = preSolution
		Debug|Any CPU = Debug|Any CPU
		Release|Any CPU = Release|Any CPU
	EndGlobalSection
	GlobalSection(ProjectConfigurationPlatforms) = postSolution
		{29CA809A-034E-4270-A2CB-F69B6A921CD2}.Debug|Any CPU.ActiveCfg = Debug|Any CPU
		{29CA809A-034E-4270-A2CB-F69B6A921CD2}.Debug|Any CPU.Build.0 = Debug|Any CPU
		{29CA809A-034E-4270-A2CB-F69B6A921CD2}.Release|Any CPU.ActiveCfg = Release|Any CPU
		{29CA809A-034E-4270-A2CB-F69B6A921CD2}.Release|Any CPU.Build.0 = Release|Any CPU
		{EA66FEEF-4FBD-4447-84E9-D94CB5E82FCA}.Debug|Any CPU.ActiveCfg = Debug|Any CPU
		{EA66FEEF-4FBD-4447-84E9-D94CB5E82FCA}.Debug|Any CPU.Build.0 = Debug|Any CPU
		{EA66FEEF-4FBD-4447-84E9-D94CB5E82FCA}.Release|Any CPU.ActiveCfg = Release|Any CPU
		{EA66FEEF-4FBD-4447-84E9-D94CB5E82FCA}.Release|Any CPU.Build.0 = Release|Any CPU
		{6FC096F0-D13E-4827-857E-72ECC0776F27}.Debug|Any CPU.ActiveCfg = Debug|Any CPU
		{6FC096F0-D13E-4827-857E-72ECC0776F27}.Debug|Any CPU.Build.0 = Debug|Any CPU
		{6FC096F0-D13E-4827-857E-72ECC0776F27}.Release|Any CPU.ActiveCfg = Release|Any CPU
		{6FC096F0-D13E-4827-857E-72ECC0776F27}.Release|Any CPU.Build.0 = Release|Any CPU
		{B8A39CF7-713B-4A67-A137-1FE00BDFCEB6}.Debug|Any CPU.ActiveCfg = Debug|Any CPU
		{B8A39CF7-713B-4A67-A137-1FE00BDFCEB6}.Debug|Any CPU.Build.0 = Debug|Any CPU
		{B8A39CF7-713B-4A67-A137-1FE00BDFCEB6}.Release|Any CPU.ActiveCfg = Release|Any CPU
		{B8A39CF7-713B-4A67-A137-1FE00BDFCEB6}.Release|Any CPU.Build.0 = Release|Any CPU
		{54CF31CF-3440-43B4-AE52-7EF5CE2FD44B}.Debug|Any CPU.ActiveCfg = Debug|Any CPU
		{54CF31CF-3440-43B4-AE52-7EF5CE2FD44B}.Debug|Any CPU.Build.0 = Debug|Any CPU
		{54CF31CF-3440-43B4-AE52-7EF5CE2FD44B}.Release|Any CPU.ActiveCfg = Release|Any CPU
		{54CF31CF-3440-43B4-AE52-7EF5CE2FD44B}.Release|Any CPU.Build.0 = Release|Any CPU
		{BAEE20D0-5F45-4E63-BD27-0E0D74C18D64}.Debug|Any CPU.ActiveCfg = Debug|Any CPU
		{BAEE20D0-5F45-4E63-BD27-0E0D74C18D64}.Debug|Any CPU.Build.0 = Debug|Any CPU
		{BAEE20D0-5F45-4E63-BD27-0E0D74C18D64}.Release|Any CPU.ActiveCfg = Release|Any CPU
		{BAEE20D0-5F45-4E63-BD27-0E0D74C18D64}.Release|Any CPU.Build.0 = Release|Any CPU
		{B2AD08E8-32D5-451F-9975-4DC62175D960}.Debug|Any CPU.ActiveCfg = Debug|Any CPU
		{B2AD08E8-32D5-451F-9975-4DC62175D960}.Debug|Any CPU.Build.0 = Debug|Any CPU
		{B2AD08E8-32D5-451F-9975-4DC62175D960}.Release|Any CPU.ActiveCfg = Release|Any CPU
		{B2AD08E8-32D5-451F-9975-4DC62175D960}.Release|Any CPU.Build.0 = Release|Any CPU
		{C9DA39C5-264D-4929-975E-AAA6D896E6FA}.Debug|Any CPU.ActiveCfg = Debug|Any CPU
		{C9DA39C5-264D-4929-975E-AAA6D896E6FA}.Debug|Any CPU.Build.0 = Debug|Any CPU
		{C9DA39C5-264D-4929-975E-AAA6D896E6FA}.Release|Any CPU.ActiveCfg = Release|Any CPU
		{C9DA39C5-264D-4929-975E-AAA6D896E6FA}.Release|Any CPU.Build.0 = Release|Any CPU
		{B52D6625-2C6E-4761-A784-DAC3188898B2}.Debug|Any CPU.ActiveCfg = Debug|Any CPU
		{B52D6625-2C6E-4761-A784-DAC3188898B2}.Debug|Any CPU.Build.0 = Debug|Any CPU
		{B52D6625-2C6E-4761-A784-DAC3188898B2}.Release|Any CPU.ActiveCfg = Release|Any CPU
		{B52D6625-2C6E-4761-A784-DAC3188898B2}.Release|Any CPU.Build.0 = Release|Any CPU
		{C785EC74-97A4-4022-AC16-204F606E2441}.Debug|Any CPU.ActiveCfg = Debug|Any CPU
		{C785EC74-97A4-4022-AC16-204F606E2441}.Debug|Any CPU.Build.0 = Debug|Any CPU
		{C785EC74-97A4-4022-AC16-204F606E2441}.Release|Any CPU.ActiveCfg = Release|Any CPU
		{C785EC74-97A4-4022-AC16-204F606E2441}.Release|Any CPU.Build.0 = Release|Any CPU
		{E55E2527-7F08-44C8-880E-97685854A6F5}.Debug|Any CPU.ActiveCfg = Debug|Any CPU
		{E55E2527-7F08-44C8-880E-97685854A6F5}.Debug|Any CPU.Build.0 = Debug|Any CPU
		{E55E2527-7F08-44C8-880E-97685854A6F5}.Release|Any CPU.ActiveCfg = Release|Any CPU
		{E55E2527-7F08-44C8-880E-97685854A6F5}.Release|Any CPU.Build.0 = Release|Any CPU
		{41F6AAB1-22C3-484B-903F-E50C6EE9F9AE}.Debug|Any CPU.ActiveCfg = Debug|Any CPU
		{41F6AAB1-22C3-484B-903F-E50C6EE9F9AE}.Debug|Any CPU.Build.0 = Debug|Any CPU
		{41F6AAB1-22C3-484B-903F-E50C6EE9F9AE}.Release|Any CPU.ActiveCfg = Release|Any CPU
		{41F6AAB1-22C3-484B-903F-E50C6EE9F9AE}.Release|Any CPU.Build.0 = Release|Any CPU
		{08DD3E01-95D0-46AB-BA91-A27600F919B9}.Debug|Any CPU.ActiveCfg = Debug|Any CPU
		{08DD3E01-95D0-46AB-BA91-A27600F919B9}.Debug|Any CPU.Build.0 = Debug|Any CPU
		{08DD3E01-95D0-46AB-BA91-A27600F919B9}.Release|Any CPU.ActiveCfg = Release|Any CPU
		{08DD3E01-95D0-46AB-BA91-A27600F919B9}.Release|Any CPU.Build.0 = Release|Any CPU
		{23E386A5-E0D5-4932-ACDD-975EA5CA351F}.Debug|Any CPU.ActiveCfg = Debug|Any CPU
		{23E386A5-E0D5-4932-ACDD-975EA5CA351F}.Debug|Any CPU.Build.0 = Debug|Any CPU
		{23E386A5-E0D5-4932-ACDD-975EA5CA351F}.Release|Any CPU.ActiveCfg = Release|Any CPU
		{23E386A5-E0D5-4932-ACDD-975EA5CA351F}.Release|Any CPU.Build.0 = Release|Any CPU
		{9130EACB-C228-46A7-B641-38081456D8D4}.Debug|Any CPU.ActiveCfg = Debug|Any CPU
		{9130EACB-C228-46A7-B641-38081456D8D4}.Debug|Any CPU.Build.0 = Debug|Any CPU
		{9130EACB-C228-46A7-B641-38081456D8D4}.Release|Any CPU.ActiveCfg = Release|Any CPU
		{9130EACB-C228-46A7-B641-38081456D8D4}.Release|Any CPU.Build.0 = Release|Any CPU
		{B6876C12-ABF0-4CCC-BE8A-02F3F9A5404F}.Debug|Any CPU.ActiveCfg = Debug|Any CPU
		{B6876C12-ABF0-4CCC-BE8A-02F3F9A5404F}.Debug|Any CPU.Build.0 = Debug|Any CPU
		{B6876C12-ABF0-4CCC-BE8A-02F3F9A5404F}.Release|Any CPU.ActiveCfg = Release|Any CPU
		{B6876C12-ABF0-4CCC-BE8A-02F3F9A5404F}.Release|Any CPU.Build.0 = Release|Any CPU
		{74302ACB-E100-46C8-A73D-555BF6FA2404}.Debug|Any CPU.ActiveCfg = Debug|Any CPU
		{74302ACB-E100-46C8-A73D-555BF6FA2404}.Debug|Any CPU.Build.0 = Debug|Any CPU
		{74302ACB-E100-46C8-A73D-555BF6FA2404}.Release|Any CPU.ActiveCfg = Release|Any CPU
		{74302ACB-E100-46C8-A73D-555BF6FA2404}.Release|Any CPU.Build.0 = Release|Any CPU
		{31CD538E-A43F-4EA4-A6E8-8BBDF8EA1A94}.Debug|Any CPU.ActiveCfg = Debug|Any CPU
		{31CD538E-A43F-4EA4-A6E8-8BBDF8EA1A94}.Debug|Any CPU.Build.0 = Debug|Any CPU
		{31CD538E-A43F-4EA4-A6E8-8BBDF8EA1A94}.Release|Any CPU.ActiveCfg = Release|Any CPU
		{31CD538E-A43F-4EA4-A6E8-8BBDF8EA1A94}.Release|Any CPU.Build.0 = Release|Any CPU
		{E6D0FA87-4212-4564-AD03-B8C08B5111D8}.Debug|Any CPU.ActiveCfg = Debug|Any CPU
		{E6D0FA87-4212-4564-AD03-B8C08B5111D8}.Debug|Any CPU.Build.0 = Debug|Any CPU
		{E6D0FA87-4212-4564-AD03-B8C08B5111D8}.Release|Any CPU.ActiveCfg = Release|Any CPU
		{E6D0FA87-4212-4564-AD03-B8C08B5111D8}.Release|Any CPU.Build.0 = Release|Any CPU
	EndGlobalSection
	GlobalSection(SolutionProperties) = preSolution
		HideSolutionNode = FALSE
	EndGlobalSection
	GlobalSection(ExtensibilityGlobals) = postSolution
		SolutionGuid = {7369A0C4-0FFD-4459-ABDD-C954048D64EB}
	EndGlobalSection
EndGlobal
