
Microsoft Visual Studio Solution File, Format Version 12.00
# Visual Studio Version 16
VisualStudioVersion = 16.0.31005.135
MinimumVisualStudioVersion = 10.0.40219.1
Project("{9A19103F-16F7-4668-BE54-9A1E7A4F7556}") = "RoutineApp", "RoutineApp.csproj", "{7AAABCCD-643C-4855-832A-C915A0E3F282}"
EndProject
Global
	GlobalSection(SolutionConfigurationPlatforms) = preSolution
		Debug|Any CPU = Debug|Any CPU
		Release|Any CPU = Release|Any CPU
	EndGlobalSection
	GlobalSection(ProjectConfigurationPlatforms) = postSolution
		{7AAABCCD-643C-4855-832A-C915A0E3F282}.Debug|Any CPU.ActiveCfg = Debug|Any CPU
		{7AAABCCD-643C-4855-832A-C915A0E3F282}.Debug|Any CPU.Build.0 = Debug|Any CPU
		{7AAABCCD-643C-4855-832A-C915A0E3F282}.Release|Any CPU.ActiveCfg = Release|Any CPU
		{7AAABCCD-643C-4855-832A-C915A0E3F282}.Release|Any CPU.Build.0 = Release|Any CPU
	EndGlobalSection
	GlobalSection(SolutionProperties) = preSolution
		HideSolutionNode = FALSE
	EndGlobalSection
	GlobalSection(ExtensibilityGlobals) = postSolution
		SolutionGuid = {8127023A-CB13-453D-BCC8-EEED5FACE741}
	EndGlobalSection
EndGlobal
